
Microsoft Visual Studio Solution File, Format Version 12.00
# Visual Studio 2013
VisualStudioVersion = 12.0.30501.0
MinimumVisualStudioVersion = 10.0.40219.1
Project("{2150E333-8FDC-42A3-9474-1A3956D46DE8}") = "Engine", "Engine", "{9C1B7374-F5A1-43CF-8695-1EECA05F4012}"
EndProject
Project("{2150E333-8FDC-42A3-9474-1A3956D46DE8}") = "Games", "Games", "{E3A30CE8-7D15-4818-BD2F-84599D365B38}"
EndProject
Project("{8BC9CEB8-8B4A-11D0-8D11-00A0C91BC942}") = "MobileGameTest1", "Intermediate\ProjectFiles\MobileGameTest1.vcxproj", "{9F088EDC-4EC6-4ABA-B05F-CBF05765D2C9}"
EndProject
Project("{8BC9CEB8-8B4A-11D0-8D11-00A0C91BC942}") = "UE4", "Intermediate\ProjectFiles\UE4.vcxproj", "{20555D9E-A248-4EE4-A1C9-48484F7BD8FE}"
EndProject
Global
	GlobalSection(SolutionConfigurationPlatforms) = preSolution
		DebugGame Editor|Android = DebugGame Editor|Android
		DebugGame Editor|Windows = DebugGame Editor|Windows
		DebugGame|Android = DebugGame|Android
		DebugGame|Windows = DebugGame|Windows
		Development Editor|Android = Development Editor|Android
		Development Editor|Windows = Development Editor|Windows
		Development|Android = Development|Android
		Development|Windows = Development|Windows
		Shipping|Android = Shipping|Android
		Shipping|Windows = Shipping|Windows
	EndGlobalSection
	GlobalSection(ProjectConfigurationPlatforms) = postSolution
		{9F088EDC-4EC6-4ABA-B05F-CBF05765D2C9}.DebugGame Editor|Android.ActiveCfg = Development_Game|x64
		{9F088EDC-4EC6-4ABA-B05F-CBF05765D2C9}.DebugGame Editor|Windows.ActiveCfg = DebugGame_Editor|x64
		{9F088EDC-4EC6-4ABA-B05F-CBF05765D2C9}.DebugGame Editor|Windows.Build.0 = DebugGame_Editor|x64
		{9F088EDC-4EC6-4ABA-B05F-CBF05765D2C9}.DebugGame|Android.ActiveCfg = Android_DebugGame_Game|Win32
		{9F088EDC-4EC6-4ABA-B05F-CBF05765D2C9}.DebugGame|Android.Build.0 = Android_DebugGame_Game|Win32
		{9F088EDC-4EC6-4ABA-B05F-CBF05765D2C9}.DebugGame|Windows.ActiveCfg = DebugGame_Game|x64
		{9F088EDC-4EC6-4ABA-B05F-CBF05765D2C9}.DebugGame|Windows.Build.0 = DebugGame_Game|x64
		{9F088EDC-4EC6-4ABA-B05F-CBF05765D2C9}.Development Editor|Android.ActiveCfg = Development_Game|x64
		{9F088EDC-4EC6-4ABA-B05F-CBF05765D2C9}.Development Editor|Windows.ActiveCfg = Development_Editor|x64
		{9F088EDC-4EC6-4ABA-B05F-CBF05765D2C9}.Development Editor|Windows.Build.0 = Development_Editor|x64
		{9F088EDC-4EC6-4ABA-B05F-CBF05765D2C9}.Development|Android.ActiveCfg = Android_Development_Game|Win32
		{9F088EDC-4EC6-4ABA-B05F-CBF05765D2C9}.Development|Android.Build.0 = Android_Development_Game|Win32
		{9F088EDC-4EC6-4ABA-B05F-CBF05765D2C9}.Development|Windows.ActiveCfg = Development_Game|x64
		{9F088EDC-4EC6-4ABA-B05F-CBF05765D2C9}.Development|Windows.Build.0 = Development_Game|x64
		{9F088EDC-4EC6-4ABA-B05F-CBF05765D2C9}.Shipping|Android.ActiveCfg = Android_Shipping_Game|Win32
		{9F088EDC-4EC6-4ABA-B05F-CBF05765D2C9}.Shipping|Android.Build.0 = Android_Shipping_Game|Win32
		{9F088EDC-4EC6-4ABA-B05F-CBF05765D2C9}.Shipping|Windows.ActiveCfg = Shipping_Game|Win32
		{9F088EDC-4EC6-4ABA-B05F-CBF05765D2C9}.Shipping|Windows.Build.0 = Shipping_Game|Win32
		{20555D9E-A248-4EE4-A1C9-48484F7BD8FE}.DebugGame Editor|Android.ActiveCfg = BuiltWithUnrealBuildTool|Win32
		{20555D9E-A248-4EE4-A1C9-48484F7BD8FE}.DebugGame Editor|Windows.ActiveCfg = BuiltWithUnrealBuildTool|Win32
		{20555D9E-A248-4EE4-A1C9-48484F7BD8FE}.DebugGame|Android.ActiveCfg = BuiltWithUnrealBuildTool|Win32
		{20555D9E-A248-4EE4-A1C9-48484F7BD8FE}.DebugGame|Windows.ActiveCfg = BuiltWithUnrealBuildTool|Win32
		{20555D9E-A248-4EE4-A1C9-48484F7BD8FE}.Development Editor|Android.ActiveCfg = BuiltWithUnrealBuildTool|Win32
		{20555D9E-A248-4EE4-A1C9-48484F7BD8FE}.Development Editor|Windows.ActiveCfg = BuiltWithUnrealBuildTool|Win32
		{20555D9E-A248-4EE4-A1C9-48484F7BD8FE}.Development|Android.ActiveCfg = BuiltWithUnrealBuildTool|Win32
		{20555D9E-A248-4EE4-A1C9-48484F7BD8FE}.Development|Windows.ActiveCfg = BuiltWithUnrealBuildTool|Win32
		{20555D9E-A248-4EE4-A1C9-48484F7BD8FE}.Shipping|Android.ActiveCfg = BuiltWithUnrealBuildTool|Win32
		{20555D9E-A248-4EE4-A1C9-48484F7BD8FE}.Shipping|Windows.ActiveCfg = BuiltWithUnrealBuildTool|Win32
	EndGlobalSection
	GlobalSection(SolutionProperties) = preSolution
		HideSolutionNode = FALSE
	EndGlobalSection
	GlobalSection(NestedProjects) = preSolution
		{9F088EDC-4EC6-4ABA-B05F-CBF05765D2C9} = {E3A30CE8-7D15-4818-BD2F-84599D365B38}
		{20555D9E-A248-4EE4-A1C9-48484F7BD8FE} = {9C1B7374-F5A1-43CF-8695-1EECA05F4012}
	EndGlobalSection
EndGlobal
